
Microsoft Visual Studio Solution File, Format Version 12.00
# Visual Studio Version 17
VisualStudioVersion = 17.4.33205.214
MinimumVisualStudioVersion = 10.0.40219.1
Project("{FAE04EC0-301F-11D3-BF4B-00C04F79EFBC}") = "Assignment8_NikitaBoborenko", "Assignment8_NikitaBoborenko\Assignment8_NikitaBoborenko.csproj", "{2D1F6012-0A3A-4F56-BB9D-338F8597E665}"
EndProject
Global
	GlobalSection(SolutionConfigurationPlatforms) = preSolution
		Debug|Any CPU = Debug|Any CPU
		Release|Any CPU = Release|Any CPU
	EndGlobalSection
	GlobalSection(ProjectConfigurationPlatforms) = postSolution
		{2D1F6012-0A3A-4F56-BB9D-338F8597E665}.Debug|Any CPU.ActiveCfg = Debug|Any CPU
		{2D1F6012-0A3A-4F56-BB9D-338F8597E665}.Debug|Any CPU.Build.0 = Debug|Any CPU
		{2D1F6012-0A3A-4F56-BB9D-338F8597E665}.Release|Any CPU.ActiveCfg = Release|Any CPU
		{2D1F6012-0A3A-4F56-BB9D-338F8597E665}.Release|Any CPU.Build.0 = Release|Any CPU
	EndGlobalSection
	GlobalSection(SolutionProperties) = preSolution
		HideSolutionNode = FALSE
	EndGlobalSection
	GlobalSection(ExtensibilityGlobals) = postSolution
		SolutionGuid = {3EEFC09A-22D1-41AC-B79D-F9F66406A028}
	EndGlobalSection
EndGlobal
